// !$*UTF8*$!
{
	archiveVersion = 1;
	classes = {
	};
	objectVersion = 77;
	objects = {

/* Begin PBXContainerItemProxy section */
		B705BB872D79EC7B00270620 /* PBXContainerItemProxy */ = {
			isa = PBXContainerItemProxy;
			containerPortal = B705BB6E2D79EC7900270620 /* Project object */;
			proxyType = 1;
			remoteGlobalIDString = B705BB752D79EC7900270620;
			remoteInfo = HamsterSalad;
		};
		B705BB912D79EC7B00270620 /* PBXContainerItemProxy */ = {
			isa = PBXContainerItemProxy;
			containerPortal = B705BB6E2D79EC7900270620 /* Project object */;
			proxyType = 1;
			remoteGlobalIDString = B705BB752D79EC7900270620;
			remoteInfo = HamsterSalad;
		};
/* End PBXContainerItemProxy section */

/* Begin PBXFileReference section */
		B705BB762D79EC7900270620 /* HamsterSalad.app */ = {isa = PBXFileReference; explicitFileType = wrapper.application; includeInIndex = 0; path = HamsterSalad.app; sourceTree = BUILT_PRODUCTS_DIR; };
		B705BB862D79EC7B00270620 /* HamsterSaladTests.xctest */ = {isa = PBXFileReference; explicitFileType = wrapper.cfbundle; includeInIndex = 0; path = HamsterSaladTests.xctest; sourceTree = BUILT_PRODUCTS_DIR; };
		B705BB902D79EC7B00270620 /* HamsterSaladUITests.xctest */ = {isa = PBXFileReference; explicitFileType = wrapper.cfbundle; includeInIndex = 0; path = HamsterSaladUITests.xctest; sourceTree = BUILT_PRODUCTS_DIR; };
/* End PBXFileReference section */

/* Begin PBXFileSystemSynchronizedRootGroup section */
		B705BB782D79EC7900270620 /* HamsterSalad */ = {
			isa = PBXFileSystemSynchronizedRootGroup;
			path = HamsterSalad;
			sourceTree = "<group>";
		};
		B705BB892D79EC7B00270620 /* HamsterSaladTests */ = {
			isa = PBXFileSystemSynchronizedRootGroup;
			path = HamsterSaladTests;
			sourceTree = "<group>";
		};
		B705BB932D79EC7B00270620 /* HamsterSaladUITests */ = {
			isa = PBXFileSystemSynchronizedRootGroup;
			path = HamsterSaladUITests;
			sourceTree = "<group>";
		};
/* End PBXFileSystemSynchronizedRootGroup section */

/* Begin PBXFrameworksBuildPhase section */
		B705BB732D79EC7900270620 /* Frameworks */ = {
			isa = PBXFrameworksBuildPhase;
			buildActionMask = 2147483647;
			files = (
			);
			runOnlyForDeploymentPostprocessing = 0;
		};
		B705BB832D79EC7B00270620 /* Frameworks */ = {
			isa = PBXFrameworksBuildPhase;
			buildActionMask = 2147483647;
			files = (
			);
			runOnlyForDeploymentPostprocessing = 0;
		};
		B705BB8D2D79EC7B00270620 /* Frameworks */ = {
			isa = PBXFrameworksBuildPhase;
			buildActionMask = 2147483647;
			files = (
			);
			runOnlyForDeploymentPostprocessing = 0;
		};
/* End PBXFrameworksBuildPhase section */

/* Begin PBXGroup section */
		B705BB6D2D79EC7900270620 = {
			isa = PBXGroup;
			children = (
				B705BB782D79EC7900270620 /* HamsterSalad */,
				B705BB892D79EC7B00270620 /* HamsterSaladTests */,
				B705BB932D79EC7B00270620 /* HamsterSaladUITests */,
				B705BB772D79EC7900270620 /* Products */,
			);
			sourceTree = "<group>";
		};
		B705BB772D79EC7900270620 /* Products */ = {
			isa = PBXGroup;
			children = (
				B705BB762D79EC7900270620 /* HamsterSalad.app */,
				B705BB862D79EC7B00270620 /* HamsterSaladTests.xctest */,
				B705BB902D79EC7B00270620 /* HamsterSaladUITests.xctest */,
			);
			name = Products;
			sourceTree = "<group>";
		};
/* End PBXGroup section */

/* Begin PBXNativeTarget section */
		B705BB752D79EC7900270620 /* HamsterSalad */ = {
			isa = PBXNativeTarget;
			buildConfigurationList = B705BB9A2D79EC7B00270620 /* Build configuration list for PBXNativeTarget "HamsterSalad" */;
			buildPhases = (
				B705BB722D79EC7900270620 /* Sources */,
				B705BB732D79EC7900270620 /* Frameworks */,
				B705BB742D79EC7900270620 /* Resources */,
			);
			buildRules = (
			);
			dependencies = (
			);
			fileSystemSynchronizedGroups = (
				B705BB782D79EC7900270620 /* HamsterSalad */,
			);
			name = HamsterSalad;
			packageProductDependencies = (
			);
			productName = HamsterSalad;
			productReference = B705BB762D79EC7900270620 /* HamsterSalad.app */;
			productType = "com.apple.product-type.application";
		};
		B705BB852D79EC7B00270620 /* HamsterSaladTests */ = {
			isa = PBXNativeTarget;
			buildConfigurationList = B705BB9D2D79EC7B00270620 /* Build configuration list for PBXNativeTarget "HamsterSaladTests" */;
			buildPhases = (
				B705BB822D79EC7B00270620 /* Sources */,
				B705BB832D79EC7B00270620 /* Frameworks */,
				B705BB842D79EC7B00270620 /* Resources */,
			);
			buildRules = (
			);
			dependencies = (
				B705BB882D79EC7B00270620 /* PBXTargetDependency */,
			);
			fileSystemSynchronizedGroups = (
				B705BB892D79EC7B00270620 /* HamsterSaladTests */,
			);
			name = HamsterSaladTests;
			packageProductDependencies = (
			);
			productName = HamsterSaladTests;
			productReference = B705BB862D79EC7B00270620 /* HamsterSaladTests.xctest */;
			productType = "com.apple.product-type.bundle.unit-test";
		};
		B705BB8F2D79EC7B00270620 /* HamsterSaladUITests */ = {
			isa = PBXNativeTarget;
			buildConfigurationList = B705BBA02D79EC7B00270620 /* Build configuration list for PBXNativeTarget "HamsterSaladUITests" */;
			buildPhases = (
				B705BB8C2D79EC7B00270620 /* Sources */,
				B705BB8D2D79EC7B00270620 /* Frameworks */,
				B705BB8E2D79EC7B00270620 /* Resources */,
			);
			buildRules = (
			);
			dependencies = (
				B705BB922D79EC7B00270620 /* PBXTargetDependency */,
			);
			fileSystemSynchronizedGroups = (
				B705BB932D79EC7B00270620 /* HamsterSaladUITests */,
			);
			name = HamsterSaladUITests;
			packageProductDependencies = (
			);
			productName = HamsterSaladUITests;
			productReference = B705BB902D79EC7B00270620 /* HamsterSaladUITests.xctest */;
			productType = "com.apple.product-type.bundle.ui-testing";
		};
/* End PBXNativeTarget section */

/* Begin PBXProject section */
		B705BB6E2D79EC7900270620 /* Project object */ = {
			isa = PBXProject;
			attributes = {
				BuildIndependentTargetsInParallel = 1;
				LastSwiftUpdateCheck = 1620;
				LastUpgradeCheck = 1620;
				TargetAttributes = {
					B705BB752D79EC7900270620 = {
						CreatedOnToolsVersion = 16.2;
					};
					B705BB852D79EC7B00270620 = {
						CreatedOnToolsVersion = 16.2;
						TestTargetID = B705BB752D79EC7900270620;
					};
					B705BB8F2D79EC7B00270620 = {
						CreatedOnToolsVersion = 16.2;
						TestTargetID = B705BB752D79EC7900270620;
					};
				};
			};
			buildConfigurationList = B705BB712D79EC7900270620 /* Build configuration list for PBXProject "HamsterSalad" */;
			developmentRegion = en;
			hasScannedForEncodings = 0;
			knownRegions = (
				en,
				Base,
			);
			mainGroup = B705BB6D2D79EC7900270620;
			minimizedProjectReferenceProxies = 1;
			preferredProjectObjectVersion = 77;
			productRefGroup = B705BB772D79EC7900270620 /* Products */;
			projectDirPath = "";
			projectRoot = "";
			targets = (
				B705BB752D79EC7900270620 /* HamsterSalad */,
				B705BB852D79EC7B00270620 /* HamsterSaladTests */,
				B705BB8F2D79EC7B00270620 /* HamsterSaladUITests */,
			);
		};
/* End PBXProject section */

/* Begin PBXResourcesBuildPhase section */
		B705BB742D79EC7900270620 /* Resources */ = {
			isa = PBXResourcesBuildPhase;
			buildActionMask = 2147483647;
			files = (
			);
			runOnlyForDeploymentPostprocessing = 0;
		};
		B705BB842D79EC7B00270620 /* Resources */ = {
			isa = PBXResourcesBuildPhase;
			buildActionMask = 2147483647;
			files = (
			);
			runOnlyForDeploymentPostprocessing = 0;
		};
		B705BB8E2D79EC7B00270620 /* Resources */ = {
			isa = PBXResourcesBuildPhase;
			buildActionMask = 2147483647;
			files = (
			);
			runOnlyForDeploymentPostprocessing = 0;
		};
/* End PBXResourcesBuildPhase section */

/* Begin PBXSourcesBuildPhase section */
		B705BB722D79EC7900270620 /* Sources */ = {
			isa = PBXSourcesBuildPhase;
			buildActionMask = 2147483647;
			files = (
			);
			runOnlyForDeploymentPostprocessing = 0;
		};
		B705BB822D79EC7B00270620 /* Sources */ = {
			isa = PBXSourcesBuildPhase;
			buildActionMask = 2147483647;
			files = (
			);
			runOnlyForDeploymentPostprocessing = 0;
		};
		B705BB8C2D79EC7B00270620 /* Sources */ = {
			isa = PBXSourcesBuildPhase;
			buildActionMask = 2147483647;
			files = (
			);
			runOnlyForDeploymentPostprocessing = 0;
		};
/* End PBXSourcesBuildPhase section */

/* Begin PBXTargetDependency section */
		B705BB882D79EC7B00270620 /* PBXTargetDependency */ = {
			isa = PBXTargetDependency;
			target = B705BB752D79EC7900270620 /* HamsterSalad */;
			targetProxy = B705BB872D79EC7B00270620 /* PBXContainerItemProxy */;
		};
		B705BB922D79EC7B00270620 /* PBXTargetDependency */ = {
			isa = PBXTargetDependency;
			target = B705BB752D79EC7900270620 /* HamsterSalad */;
			targetProxy = B705BB912D79EC7B00270620 /* PBXContainerItemProxy */;
		};
/* End PBXTargetDependency section */

/* Begin XCBuildConfiguration section */
		B705BB982D79EC7B00270620 /* Debug */ = {
			isa = XCBuildConfiguration;
			buildSettings = {
				ALWAYS_SEARCH_USER_PATHS = NO;
				ASSETCATALOG_COMPILER_GENERATE_SWIFT_ASSET_SYMBOL_EXTENSIONS = YES;
				CLANG_ANALYZER_NONNULL = YES;
				CLANG_ANALYZER_NUMBER_OBJECT_CONVERSION = YES_AGGRESSIVE;
				CLANG_CXX_LANGUAGE_STANDARD = "gnu++20";
				CLANG_ENABLE_MODULES = YES;
				CLANG_ENABLE_OBJC_ARC = YES;
				CLANG_ENABLE_OBJC_WEAK = YES;
				CLANG_WARN_BLOCK_CAPTURE_AUTORELEASING = YES;
				CLANG_WARN_BOOL_CONVERSION = YES;
				CLANG_WARN_COMMA = YES;
				CLANG_WARN_CONSTANT_CONVERSION = YES;
				CLANG_WARN_DEPRECATED_OBJC_IMPLEMENTATIONS = YES;
				CLANG_WARN_DIRECT_OBJC_ISA_USAGE = YES_ERROR;
				CLANG_WARN_DOCUMENTATION_COMMENTS = YES;
				CLANG_WARN_EMPTY_BODY = YES;
				CLANG_WARN_ENUM_CONVERSION = YES;
				CLANG_WARN_INFINITE_RECURSION = YES;
				CLANG_WARN_INT_CONVERSION = YES;
				CLANG_WARN_NON_LITERAL_NULL_CONVERSION = YES;
				CLANG_WARN_OBJC_IMPLICIT_RETAIN_SELF = YES;
				CLANG_WARN_OBJC_LITERAL_CONVERSION = YES;
				CLANG_WARN_OBJC_ROOT_CLASS = YES_ERROR;
				CLANG_WARN_QUOTED_INCLUDE_IN_FRAMEWORK_HEADER = YES;
				CLANG_WARN_RANGE_LOOP_ANALYSIS = YES;
				CLANG_WARN_STRICT_PROTOTYPES = YES;
				CLANG_WARN_SUSPICIOUS_MOVE = YES;
				CLANG_WARN_UNGUARDED_AVAILABILITY = YES_AGGRESSIVE;
				CLANG_WARN_UNREACHABLE_CODE = YES;
				CLANG_WARN__DUPLICATE_METHOD_MATCH = YES;
				COPY_PHASE_STRIP = NO;
				DEBUG_INFORMATION_FORMAT = dwarf;
				ENABLE_STRICT_OBJC_MSGSEND = YES;
				ENABLE_TESTABILITY = YES;
				ENABLE_USER_SCRIPT_SANDBOXING = YES;
				GCC_C_LANGUAGE_STANDARD = gnu17;
				GCC_DYNAMIC_NO_PIC = NO;
				GCC_NO_COMMON_BLOCKS = YES;
				GCC_OPTIMIZATION_LEVEL = 0;
				GCC_PREPROCESSOR_DEFINITIONS = (
					"DEBUG=1",
					"$(inherited)",
				);
				GCC_WARN_64_TO_32_BIT_CONVERSION = YES;
				GCC_WARN_ABOUT_RETURN_TYPE = YES_ERROR;
				GCC_WARN_UNDECLARED_SELECTOR = YES;
				GCC_WARN_UNINITIALIZED_AUTOS = YES_AGGRESSIVE;
				GCC_WARN_UNUSED_FUNCTION = YES;
				GCC_WARN_UNUSED_VARIABLE = YES;
				IPHONEOS_DEPLOYMENT_TARGET = 18.2;
				LOCALIZATION_PREFERS_STRING_CATALOGS = YES;
				MTL_ENABLE_DEBUG_INFO = INCLUDE_SOURCE;
				MTL_FAST_MATH = YES;
				ONLY_ACTIVE_ARCH = YES;
				SDKROOT = iphoneos;
				SWIFT_ACTIVE_COMPILATION_CONDITIONS = "DEBUG $(inherited)";
				SWIFT_OPTIMIZATION_LEVEL = "-Onone";
			};
			name = Debug;
		};
		B705BB992D79EC7B00270620 /* Release */ = {
			isa = XCBuildConfiguration;
			buildSettings = {
				ALWAYS_SEARCH_USER_PATHS = NO;
				ASSETCATALOG_COMPILER_GENERATE_SWIFT_ASSET_SYMBOL_EXTENSIONS = YES;
				CLANG_ANALYZER_NONNULL = YES;
				CLANG_ANALYZER_NUMBER_OBJECT_CONVERSION = YES_AGGRESSIVE;
				CLANG_CXX_LANGUAGE_STANDARD = "gnu++20";
				CLANG_ENABLE_MODULES = YES;
				CLANG_ENABLE_OBJC_ARC = YES;
				CLANG_ENABLE_OBJC_WEAK = YES;
				CLANG_WARN_BLOCK_CAPTURE_AUTORELEASING = YES;
				CLANG_WARN_BOOL_CONVERSION = YES;
				CLANG_WARN_COMMA = YES;
				CLANG_WARN_CONSTANT_CONVERSION = YES;
				CLANG_WARN_DEPRECATED_OBJC_IMPLEMENTATIONS = YES;
				CLANG_WARN_DIRECT_OBJC_ISA_USAGE = YES_ERROR;
				CLANG_WARN_DOCUMENTATION_COMMENTS = YES;
				CLANG_WARN_EMPTY_BODY = YES;
				CLANG_WARN_ENUM_CONVERSION = YES;
				CLANG_WARN_INFINITE_RECURSION = YES;
				CLANG_WARN_INT_CONVERSION = YES;
				CLANG_WARN_NON_LITERAL_NULL_CONVERSION = YES;
				CLANG_WARN_OBJC_IMPLICIT_RETAIN_SELF = YES;
				CLANG_WARN_OBJC_LITERAL_CONVERSION = YES;
				CLANG_WARN_OBJC_ROOT_CLASS = YES_ERROR;
				CLANG_WARN_QUOTED_INCLUDE_IN_FRAMEWORK_HEADER = YES;
				CLANG_WARN_RANGE_LOOP_ANALYSIS = YES;
				CLANG_WARN_STRICT_PROTOTYPES = YES;
				CLANG_WARN_SUSPICIOUS_MOVE = YES;
				CLANG_WARN_UNGUARDED_AVAILABILITY = YES_AGGRESSIVE;
				CLANG_WARN_UNREACHABLE_CODE = YES;
				CLANG_WARN__DUPLICATE_METHOD_MATCH = YES;
				COPY_PHASE_STRIP = NO;
				DEBUG_INFORMATION_FORMAT = "dwarf-with-dsym";
				ENABLE_NS_ASSERTIONS = NO;
				ENABLE_STRICT_OBJC_MSGSEND = YES;
				ENABLE_USER_SCRIPT_SANDBOXING = YES;
				GCC_C_LANGUAGE_STANDARD = gnu17;
				GCC_NO_COMMON_BLOCKS = YES;
				GCC_WARN_64_TO_32_BIT_CONVERSION = YES;
				GCC_WARN_ABOUT_RETURN_TYPE = YES_ERROR;
				GCC_WARN_UNDECLARED_SELECTOR = YES;
				GCC_WARN_UNINITIALIZED_AUTOS = YES_AGGRESSIVE;
				GCC_WARN_UNUSED_FUNCTION = YES;
				GCC_WARN_UNUSED_VARIABLE = YES;
				IPHONEOS_DEPLOYMENT_TARGET = 18.2;
				LOCALIZATION_PREFERS_STRING_CATALOGS = YES;
				MTL_ENABLE_DEBUG_INFO = NO;
				MTL_FAST_MATH = YES;
				SDKROOT = iphoneos;
				SWIFT_COMPILATION_MODE = wholemodule;
				VALIDATE_PRODUCT = YES;
			};
			name = Release;
		};
		B705BB9B2D79EC7B00270620 /* Debug */ = {
			isa = XCBuildConfiguration;
			buildSettings = {
				ASSETCATALOG_COMPILER_APPICON_NAME = AppIcon;
				ASSETCATALOG_COMPILER_GLOBAL_ACCENT_COLOR_NAME = AccentColor;
				CODE_SIGN_IDENTITY = "Apple Development";
				CODE_SIGN_STYLE = Automatic;
				CURRENT_PROJECT_VERSION = 1;
				DEVELOPMENT_ASSET_PATHS = "\"HamsterSalad/Preview Content\"";
				DEVELOPMENT_TEAM = CF23LA4N99;
				ENABLE_PREVIEWS = YES;
				GENERATE_INFOPLIST_FILE = YES;
				INFOPLIST_KEY_LSApplicationCategoryType = "public.app-category.lifestyle";
				INFOPLIST_KEY_UIApplicationSceneManifest_Generation = YES;
				INFOPLIST_KEY_UIApplicationSupportsIndirectInputEvents = YES;
				INFOPLIST_KEY_UILaunchScreen_Generation = YES;
				INFOPLIST_KEY_UISupportedInterfaceOrientations_iPad = "UIInterfaceOrientationPortrait UIInterfaceOrientationPortraitUpsideDown UIInterfaceOrientationLandscapeLeft UIInterfaceOrientationLandscapeRight";
				INFOPLIST_KEY_UISupportedInterfaceOrientations_iPhone = "UIInterfaceOrientationPortrait UIInterfaceOrientationLandscapeLeft UIInterfaceOrientationLandscapeRight";
				IPHONEOS_DEPLOYMENT_TARGET = 15.6;
				LD_RUNPATH_SEARCH_PATHS = (
					"$(inherited)",
					"@executable_path/Frameworks",
				);
				MARKETING_VERSION = 1.0;
				PRODUCT_BUNDLE_IDENTIFIER = soyoung.HamsterSalad;
				PRODUCT_NAME = "$(TARGET_NAME)";
				PROVISIONING_PROFILE_SPECIFIER = "";
				SWIFT_EMIT_LOC_STRINGS = YES;
				SWIFT_VERSION = 5.0;
				TARGETED_DEVICE_FAMILY = "1,2";
			};
			name = Debug;
		};
		B705BB9C2D79EC7B00270620 /* Release */ = {
			isa = XCBuildConfiguration;
			buildSettings = {
				ASSETCATALOG_COMPILER_APPICON_NAME = AppIcon;
				ASSETCATALOG_COMPILER_GLOBAL_ACCENT_COLOR_NAME = AccentColor;
				CODE_SIGN_IDENTITY = "Apple Development";
				CODE_SIGN_STYLE = Automatic;
				CURRENT_PROJECT_VERSION = 1;
				DEVELOPMENT_ASSET_PATHS = "\"HamsterSalad/Preview Content\"";
				DEVELOPMENT_TEAM = CF23LA4N99;
				ENABLE_PREVIEWS = YES;
				GENERATE_INFOPLIST_FILE = YES;
				INFOPLIST_KEY_LSApplicationCategoryType = "public.app-category.lifestyle";
				INFOPLIST_KEY_UIApplicationSceneManifest_Generation = YES;
				INFOPLIST_KEY_UIApplicationSupportsIndirectInputEvents = YES;
				INFOPLIST_KEY_UILaunchScreen_Generation = YES;
				INFOPLIST_KEY_UISupportedInterfaceOrientations_iPad = "UIInterfaceOrientationPortrait UIInterfaceOrientationPortraitUpsideDown UIInterfaceOrientationLandscapeLeft UIInterfaceOrientationLandscapeRight";
				INFOPLIST_KEY_UISupportedInterfaceOrientations_iPhone = "UIInterfaceOrientationPortrait UIInterfaceOrientationLandscapeLeft UIInterfaceOrientationLandscapeRight";
				IPHONEOS_DEPLOYMENT_TARGET = 15.6;
				LD_RUNPATH_SEARCH_PATHS = (
					"$(inherited)",
					"@executable_path/Frameworks",
				);
				MARKETING_VERSION = 1.0;
				PRODUCT_BUNDLE_IDENTIFIER = soyoung.HamsterSalad;
				PRODUCT_NAME = "$(TARGET_NAME)";
				PROVISIONING_PROFILE_SPECIFIER = "";
				SWIFT_EMIT_LOC_STRINGS = YES;
				SWIFT_VERSION = 5.0;
				TARGETED_DEVICE_FAMILY = "1,2";
			};
			name = Release;
		};
		B705BB9E2D79EC7B00270620 /* Debug */ = {
			isa = XCBuildConfiguration;
			buildSettings = {
				BUNDLE_LOADER = "$(TEST_HOST)";
				CODE_SIGN_STYLE = Automatic;
				CURRENT_PROJECT_VERSION = 1;
				GENERATE_INFOPLIST_FILE = YES;
				IPHONEOS_DEPLOYMENT_TARGET = 18.2;
				MARKETING_VERSION = 1.0;
				PRODUCT_BUNDLE_IDENTIFIER = soyoung.HamsterSaladTests;
				PRODUCT_NAME = "$(TARGET_NAME)";
				SWIFT_EMIT_LOC_STRINGS = NO;
				SWIFT_VERSION = 5.0;
				TARGETED_DEVICE_FAMILY = "1,2";
				TEST_HOST = "$(BUILT_PRODUCTS_DIR)/HamsterSalad.app/$(BUNDLE_EXECUTABLE_FOLDER_PATH)/HamsterSalad";
			};
			name = Debug;
		};
		B705BB9F2D79EC7B00270620 /* Release */ = {
			isa = XCBuildConfiguration;
			buildSettings = {
				BUNDLE_LOADER = "$(TEST_HOST)";
				CODE_SIGN_STYLE = Automatic;
				CURRENT_PROJECT_VERSION = 1;
				GENERATE_INFOPLIST_FILE = YES;
				IPHONEOS_DEPLOYMENT_TARGET = 18.2;
				MARKETING_VERSION = 1.0;
				PRODUCT_BUNDLE_IDENTIFIER = soyoung.HamsterSaladTests;
				PRODUCT_NAME = "$(TARGET_NAME)";
				SWIFT_EMIT_LOC_STRINGS = NO;
				SWIFT_VERSION = 5.0;
				TARGETED_DEVICE_FAMILY = "1,2";
				TEST_HOST = "$(BUILT_PRODUCTS_DIR)/HamsterSalad.app/$(BUNDLE_EXECUTABLE_FOLDER_PATH)/HamsterSalad";
			};
			name = Release;
		};
		B705BBA12D79EC7B00270620 /* Debug */ = {
			isa = XCBuildConfiguration;
			buildSettings = {
				CODE_SIGN_STYLE = Automatic;
				CURRENT_PROJECT_VERSION = 1;
				GENERATE_INFOPLIST_FILE = YES;
				MARKETING_VERSION = 1.0;
				PRODUCT_BUNDLE_IDENTIFIER = soyoung.HamsterSaladUITests;
				PRODUCT_NAME = "$(TARGET_NAME)";
				SWIFT_EMIT_LOC_STRINGS = NO;
				SWIFT_VERSION = 5.0;
				TARGETED_DEVICE_FAMILY = "1,2";
				TEST_TARGET_NAME = HamsterSalad;
			};
			name = Debug;
		};
		B705BBA22D79EC7B00270620 /* Release */ = {
			isa = XCBuildConfiguration;
			buildSettings = {
				CODE_SIGN_STYLE = Automatic;
				CURRENT_PROJECT_VERSION = 1;
				GENERATE_INFOPLIST_FILE = YES;
				MARKETING_VERSION = 1.0;
				PRODUCT_BUNDLE_IDENTIFIER = soyoung.HamsterSaladUITests;
				PRODUCT_NAME = "$(TARGET_NAME)";
				SWIFT_EMIT_LOC_STRINGS = NO;
				SWIFT_VERSION = 5.0;
				TARGETED_DEVICE_FAMILY = "1,2";
				TEST_TARGET_NAME = HamsterSalad;
			};
			name = Release;
		};
/* End XCBuildConfiguration section */

/* Begin XCConfigurationList section */
		B705BB712D79EC7900270620 /* Build configuration list for PBXProject "HamsterSalad" */ = {
			isa = XCConfigurationList;
			buildConfigurations = (
				B705BB982D79EC7B00270620 /* Debug */,
				B705BB992D79EC7B00270620 /* Release */,
			);
			defaultConfigurationIsVisible = 0;
			defaultConfigurationName = Release;
		};
		B705BB9A2D79EC7B00270620 /* Build configuration list for PBXNativeTarget "HamsterSalad" */ = {
			isa = XCConfigurationList;
			buildConfigurations = (
				B705BB9B2D79EC7B00270620 /* Debug */,
				B705BB9C2D79EC7B00270620 /* Release */,
			);
			defaultConfigurationIsVisible = 0;
			defaultConfigurationName = Release;
		};
		B705BB9D2D79EC7B00270620 /* Build configuration list for PBXNativeTarget "HamsterSaladTests" */ = {
			isa = XCConfigurationList;
			buildConfigurations = (
				B705BB9E2D79EC7B00270620 /* Debug */,
				B705BB9F2D79EC7B00270620 /* Release */,
			);
			defaultConfigurationIsVisible = 0;
			defaultConfigurationName = Release;
		};
		B705BBA02D79EC7B00270620 /* Build configuration list for PBXNativeTarget "HamsterSaladUITests" */ = {
			isa = XCConfigurationList;
			buildConfigurations = (
				B705BBA12D79EC7B00270620 /* Debug */,
				B705BBA22D79EC7B00270620 /* Release */,
			);
			defaultConfigurationIsVisible = 0;
			defaultConfigurationName = Release;
		};
/* End XCConfigurationList section */
	};
	rootObject = B705BB6E2D79EC7900270620 /* Project object */;
}
